// !$*UTF8*$!
{
	archiveVersion = 1;
	classes = {
	};
	objectVersion = 50;
	objects = {

/* Begin PBXBuildFile section */
		6FE620CF24E0B90D00DA503E /* AppDelegate.swift in Sources */ = {isa = PBXBuildFile; fileRef = 6FE620CE24E0B90D00DA503E /* AppDelegate.swift */; };
		6FE620D124E0B90D00DA503E /* SceneDelegate.swift in Sources */ = {isa = PBXBuildFile; fileRef = 6FE620D024E0B90D00DA503E /* SceneDelegate.swift */; };
		6FE620D324E0B90D00DA503E /* ViewController.swift in Sources */ = {isa = PBXBuildFile; fileRef = 6FE620D224E0B90D00DA503E /* ViewController.swift */; };
		6FE620D624E0B90D00DA503E /* Main.storyboard in Resources */ = {isa = PBXBuildFile; fileRef = 6FE620D424E0B90D00DA503E /* Main.storyboard */; };
		6FE620D824E0B91100DA503E /* Assets.xcassets in Resources */ = {isa = PBXBuildFile; fileRef = 6FE620D724E0B91100DA503E /* Assets.xcassets */; };
		6FE620DB24E0B91100DA503E /* LaunchScreen.storyboard in Resources */ = {isa = PBXBuildFile; fileRef = 6FE620D924E0B91100DA503E /* LaunchScreen.storyboard */; };
/* End PBXBuildFile section */

/* Begin PBXFileReference section */
		6FE620CB24E0B90D00DA503E /* tabela-dinamica-refeicoes.app */ = {isa = PBXFileReference; explicitFileType = wrapper.application; includeInIndex = 0; path = "tabela-dinamica-refeicoes.app"; sourceTree = BUILT_PRODUCTS_DIR; };
		6FE620CE24E0B90D00DA503E /* AppDelegate.swift */ = {isa = PBXFileReference; lastKnownFileType = sourcecode.swift; path = AppDelegate.swift; sourceTree = "<group>"; };
		6FE620D024E0B90D00DA503E /* SceneDelegate.swift */ = {isa = PBXFileReference; lastKnownFileType = sourcecode.swift; path = SceneDelegate.swift; sourceTree = "<group>"; };
		6FE620D224E0B90D00DA503E /* ViewController.swift */ = {isa = PBXFileReference; lastKnownFileType = sourcecode.swift; path = ViewController.swift; sourceTree = "<group>"; };
		6FE620D524E0B90D00DA503E /* Base */ = {isa = PBXFileReference; lastKnownFileType = file.storyboard; name = Base; path = Base.lproj/Main.storyboard; sourceTree = "<group>"; };
		6FE620D724E0B91100DA503E /* Assets.xcassets */ = {isa = PBXFileReference; lastKnownFileType = folder.assetcatalog; path = Assets.xcassets; sourceTree = "<group>"; };
		6FE620DA24E0B91100DA503E /* Base */ = {isa = PBXFileReference; lastKnownFileType = file.storyboard; name = Base; path = Base.lproj/LaunchScreen.storyboard; sourceTree = "<group>"; };
		6FE620DC24E0B91100DA503E /* Info.plist */ = {isa = PBXFileReference; lastKnownFileType = text.plist.xml; path = Info.plist; sourceTree = "<group>"; };
/* End PBXFileReference section */

/* Begin PBXFrameworksBuildPhase section */
		6FE620C824E0B90D00DA503E /* Frameworks */ = {
			isa = PBXFrameworksBuildPhase;
			buildActionMask = 2147483647;
			files = (
			);
			runOnlyForDeploymentPostprocessing = 0;
		};
/* End PBXFrameworksBuildPhase section */

/* Begin PBXGroup section */
		6FE620C224E0B90D00DA503E = {
			isa = PBXGroup;
			children = (
				6FE620CD24E0B90D00DA503E /* tabela-dinamica-refeicoes */,
				6FE620CC24E0B90D00DA503E /* Products */,
			);
			sourceTree = "<group>";
		};
		6FE620CC24E0B90D00DA503E /* Products */ = {
			isa = PBXGroup;
			children = (
				6FE620CB24E0B90D00DA503E /* tabela-dinamica-refeicoes.app */,
			);
			name = Products;
			sourceTree = "<group>";
		};
		6FE620CD24E0B90D00DA503E /* tabela-dinamica-refeicoes */ = {
			isa = PBXGroup;
			children = (
				6FE620CE24E0B90D00DA503E /* AppDelegate.swift */,
				6FE620D024E0B90D00DA503E /* SceneDelegate.swift */,
				6FE620D224E0B90D00DA503E /* ViewController.swift */,
				6FE620D424E0B90D00DA503E /* Main.storyboard */,
				6FE620D724E0B91100DA503E /* Assets.xcassets */,
				6FE620D924E0B91100DA503E /* LaunchScreen.storyboard */,
				6FE620DC24E0B91100DA503E /* Info.plist */,
			);
			path = "tabela-dinamica-refeicoes";
			sourceTree = "<group>";
		};
/* End PBXGroup section */

/* Begin PBXNativeTarget section */
		6FE620CA24E0B90D00DA503E /* tabela-dinamica-refeicoes */ = {
			isa = PBXNativeTarget;
			buildConfigurationList = 6FE620DF24E0B91100DA503E /* Build configuration list for PBXNativeTarget "tabela-dinamica-refeicoes" */;
			buildPhases = (
				6FE620C724E0B90D00DA503E /* Sources */,
				6FE620C824E0B90D00DA503E /* Frameworks */,
				6FE620C924E0B90D00DA503E /* Resources */,
			);
			buildRules = (
			);
			dependencies = (
			);
			name = "tabela-dinamica-refeicoes";
			productName = "tabela-dinamica-refeicoes";
			productReference = 6FE620CB24E0B90D00DA503E /* tabela-dinamica-refeicoes.app */;
			productType = "com.apple.product-type.application";
		};
/* End PBXNativeTarget section */

/* Begin PBXProject section */
		6FE620C324E0B90D00DA503E /* Project object */ = {
			isa = PBXProject;
			attributes = {
				LastSwiftUpdateCheck = 1160;
				LastUpgradeCheck = 1160;
				ORGANIZATIONNAME = luiscruz;
				TargetAttributes = {
					6FE620CA24E0B90D00DA503E = {
						CreatedOnToolsVersion = 11.6;
					};
				};
			};
			buildConfigurationList = 6FE620C624E0B90D00DA503E /* Build configuration list for PBXProject "tabela-dinamica-refeicoes" */;
			compatibilityVersion = "Xcode 9.3";
			developmentRegion = en;
			hasScannedForEncodings = 0;
			knownRegions = (
				en,
				Base,
			);
			mainGroup = 6FE620C224E0B90D00DA503E;
			productRefGroup = 6FE620CC24E0B90D00DA503E /* Products */;
			projectDirPath = "";
			projectRoot = "";
			targets = (
				6FE620CA24E0B90D00DA503E /* tabela-dinamica-refeicoes */,
			);
		};
/* End PBXProject section */

/* Begin PBXResourcesBuildPhase section */
		6FE620C924E0B90D00DA503E /* Resources */ = {
			isa = PBXResourcesBuildPhase;
			buildActionMask = 2147483647;
			files = (
				6FE620DB24E0B91100DA503E /* LaunchScreen.storyboard in Resources */,
				6FE620D824E0B91100DA503E /* Assets.xcassets in Resources */,
				6FE620D624E0B90D00DA503E /* Main.storyboard in Resources */,
			);
			runOnlyForDeploymentPostprocessing = 0;
		};
/* End PBXResourcesBuildPhase section */

/* Begin PBXSourcesBuildPhase section */
		6FE620C724E0B90D00DA503E /* Sources */ = {
			isa = PBXSourcesBuildPhase;
			buildActionMask = 2147483647;
			files = (
				6FE620D324E0B90D00DA503E /* ViewController.swift in Sources */,
				6FE620CF24E0B90D00DA503E /* AppDelegate.swift in Sources */,
				6FE620D124E0B90D00DA503E /* SceneDelegate.swift in Sources */,
			);
			runOnlyForDeploymentPostprocessing = 0;
		};
/* End PBXSourcesBuildPhase section */

/* Begin PBXVariantGroup section */
		6FE620D424E0B90D00DA503E /* Main.storyboard */ = {
			isa = PBXVariantGroup;
			children = (
				6FE620D524E0B90D00DA503E /* Base */,
			);
			name = Main.storyboard;
			sourceTree = "<group>";
		};
		6FE620D924E0B91100DA503E /* LaunchScreen.storyboard */ = {
			isa = PBXVariantGroup;
			children = (
				6FE620DA24E0B91100DA503E /* Base */,
			);
			name = LaunchScreen.storyboard;
			sourceTree = "<group>";
		};
/* End PBXVariantGroup section */

/* Begin XCBuildConfiguration section */
		6FE620DD24E0B91100DA503E /* Debug */ = {
			isa = XCBuildConfiguration;
			buildSettings = {
				ALWAYS_SEARCH_USER_PATHS = NO;
				CLANG_ANALYZER_NONNULL = YES;
				CLANG_ANALYZER_NUMBER_OBJECT_CONVERSION = YES_AGGRESSIVE;
				CLANG_CXX_LANGUAGE_STANDARD = "gnu++14";
				CLANG_CXX_LIBRARY = "libc++";
				CLANG_ENABLE_MODULES = YES;
				CLANG_ENABLE_OBJC_ARC = YES;
				CLANG_ENABLE_OBJC_WEAK = YES;
				CLANG_WARN_BLOCK_CAPTURE_AUTORELEASING = YES;
				CLANG_WARN_BOOL_CONVERSION = YES;
				CLANG_WARN_COMMA = YES;
				CLANG_WARN_CONSTANT_CONVERSION = YES;
				CLANG_WARN_DEPRECATED_OBJC_IMPLEMENTATIONS = YES;
				CLANG_WARN_DIRECT_OBJC_ISA_USAGE = YES_ERROR;
				CLANG_WARN_DOCUMENTATION_COMMENTS = YES;
				CLANG_WARN_EMPTY_BODY = YES;
				CLANG_WARN_ENUM_CONVERSION = YES;
				CLANG_WARN_INFINITE_RECURSION = YES;
				CLANG_WARN_INT_CONVERSION = YES;
				CLANG_WARN_NON_LITERAL_NULL_CONVERSION = YES;
				CLANG_WARN_OBJC_IMPLICIT_RETAIN_SELF = YES;
				CLANG_WARN_OBJC_LITERAL_CONVERSION = YES;
				CLANG_WARN_OBJC_ROOT_CLASS = YES_ERROR;
				CLANG_WARN_RANGE_LOOP_ANALYSIS = YES;
				CLANG_WARN_STRICT_PROTOTYPES = YES;
				CLANG_WARN_SUSPICIOUS_MOVE = YES;
				CLANG_WARN_UNGUARDED_AVAILABILITY = YES_AGGRESSIVE;
				CLANG_WARN_UNREACHABLE_CODE = YES;
				CLANG_WARN__DUPLICATE_METHOD_MATCH = YES;
				COPY_PHASE_STRIP = NO;
				DEBUG_INFORMATION_FORMAT = dwarf;
				ENABLE_STRICT_OBJC_MSGSEND = YES;
				ENABLE_TESTABILITY = YES;
				GCC_C_LANGUAGE_STANDARD = gnu11;
				GCC_DYNAMIC_NO_PIC = NO;
				GCC_NO_COMMON_BLOCKS = YES;
				GCC_OPTIMIZATION_LEVEL = 0;
				GCC_PREPROCESSOR_DEFINITIONS = (
					"DEBUG=1",
					"$(inherited)",
				);
				GCC_WARN_64_TO_32_BIT_CONVERSION = YES;
				GCC_WARN_ABOUT_RETURN_TYPE = YES_ERROR;
				GCC_WARN_UNDECLARED_SELECTOR = YES;
				GCC_WARN_UNINITIALIZED_AUTOS = YES_AGGRESSIVE;
				GCC_WARN_UNUSED_FUNCTION = YES;
				GCC_WARN_UNUSED_VARIABLE = YES;
				IPHONEOS_DEPLOYMENT_TARGET = 13.6;
				MTL_ENABLE_DEBUG_INFO = INCLUDE_SOURCE;
				MTL_FAST_MATH = YES;
				ONLY_ACTIVE_ARCH = YES;
				SDKROOT = iphoneos;
				SWIFT_ACTIVE_COMPILATION_CONDITIONS = DEBUG;
				SWIFT_OPTIMIZATION_LEVEL = "-Onone";
			};
			name = Debug;
		};
		6FE620DE24E0B91100DA503E /* Release */ = {
			isa = XCBuildConfiguration;
			buildSettings = {
				ALWAYS_SEARCH_USER_PATHS = NO;
				CLANG_ANALYZER_NONNULL = YES;
				CLANG_ANALYZER_NUMBER_OBJECT_CONVERSION = YES_AGGRESSIVE;
				CLANG_CXX_LANGUAGE_STANDARD = "gnu++14";
				CLANG_CXX_LIBRARY = "libc++";
				CLANG_ENABLE_MODULES = YES;
				CLANG_ENABLE_OBJC_ARC = YES;
				CLANG_ENABLE_OBJC_WEAK = YES;
				CLANG_WARN_BLOCK_CAPTURE_AUTORELEASING = YES;
				CLANG_WARN_BOOL_CONVERSION = YES;
				CLANG_WARN_COMMA = YES;
				CLANG_WARN_CONSTANT_CONVERSION = YES;
				CLANG_WARN_DEPRECATED_OBJC_IMPLEMENTATIONS = YES;
				CLANG_WARN_DIRECT_OBJC_ISA_USAGE = YES_ERROR;
				CLANG_WARN_DOCUMENTATION_COMMENTS = YES;
				CLANG_WARN_EMPTY_BODY = YES;
				CLANG_WARN_ENUM_CONVERSION = YES;
				CLANG_WARN_INFINITE_RECURSION = YES;
				CLANG_WARN_INT_CONVERSION = YES;
				CLANG_WARN_NON_LITERAL_NULL_CONVERSION = YES;
				CLANG_WARN_OBJC_IMPLICIT_RETAIN_SELF = YES;
				CLANG_WARN_OBJC_LITERAL_CONVERSION = YES;
				CLANG_WARN_OBJC_ROOT_CLASS = YES_ERROR;
				CLANG_WARN_RANGE_LOOP_ANALYSIS = YES;
				CLANG_WARN_STRICT_PROTOTYPES = YES;
				CLANG_WARN_SUSPICIOUS_MOVE = YES;
				CLANG_WARN_UNGUARDED_AVAILABILITY = YES_AGGRESSIVE;
				CLANG_WARN_UNREACHABLE_CODE = YES;
				CLANG_WARN__DUPLICATE_METHOD_MATCH = YES;
				COPY_PHASE_STRIP = NO;
				DEBUG_INFORMATION_FORMAT = "dwarf-with-dsym";
				ENABLE_NS_ASSERTIONS = NO;
				ENABLE_STRICT_OBJC_MSGSEND = YES;
				GCC_C_LANGUAGE_STANDARD = gnu11;
				GCC_NO_COMMON_BLOCKS = YES;
				GCC_WARN_64_TO_32_BIT_CONVERSION = YES;
				GCC_WARN_ABOUT_RETURN_TYPE = YES_ERROR;
				GCC_WARN_UNDECLARED_SELECTOR = YES;
				GCC_WARN_UNINITIALIZED_AUTOS = YES_AGGRESSIVE;
				GCC_WARN_UNUSED_FUNCTION = YES;
				GCC_WARN_UNUSED_VARIABLE = YES;
				IPHONEOS_DEPLOYMENT_TARGET = 13.6;
				MTL_ENABLE_DEBUG_INFO = NO;
				MTL_FAST_MATH = YES;
				SDKROOT = iphoneos;
				SWIFT_COMPILATION_MODE = wholemodule;
				SWIFT_OPTIMIZATION_LEVEL = "-O";
				VALIDATE_PRODUCT = YES;
			};
			name = Release;
		};
		6FE620E024E0B91100DA503E /* Debug */ = {
			isa = XCBuildConfiguration;
			buildSettings = {
				ASSETCATALOG_COMPILER_APPICON_NAME = AppIcon;
				CODE_SIGN_STYLE = Automatic;
				INFOPLIST_FILE = "tabela-dinamica-refeicoes/Info.plist";
				LD_RUNPATH_SEARCH_PATHS = (
					"$(inherited)",
					"@executable_path/Frameworks",
				);
				PRODUCT_BUNDLE_IDENTIFIER = "br.com.luiscruz.tabela-dinamica-refeicoes";
				PRODUCT_NAME = "$(TARGET_NAME)";
				SWIFT_VERSION = 5.0;
				TARGETED_DEVICE_FAMILY = "1,2";
			};
			name = Debug;
		};
		6FE620E124E0B91100DA503E /* Release */ = {
			isa = XCBuildConfiguration;
			buildSettings = {
				ASSETCATALOG_COMPILER_APPICON_NAME = AppIcon;
				CODE_SIGN_STYLE = Automatic;
				INFOPLIST_FILE = "tabela-dinamica-refeicoes/Info.plist";
				LD_RUNPATH_SEARCH_PATHS = (
					"$(inherited)",
					"@executable_path/Frameworks",
				);
				PRODUCT_BUNDLE_IDENTIFIER = "br.com.luiscruz.tabela-dinamica-refeicoes";
				PRODUCT_NAME = "$(TARGET_NAME)";
				SWIFT_VERSION = 5.0;
				TARGETED_DEVICE_FAMILY = "1,2";
			};
			name = Release;
		};
/* End XCBuildConfiguration section */

/* Begin XCConfigurationList section */
		6FE620C624E0B90D00DA503E /* Build configuration list for PBXProject "tabela-dinamica-refeicoes" */ = {
			isa = XCConfigurationList;
			buildConfigurations = (
				6FE620DD24E0B91100DA503E /* Debug */,
				6FE620DE24E0B91100DA503E /* Release */,
			);
			defaultConfigurationIsVisible = 0;
			defaultConfigurationName = Release;
		};
		6FE620DF24E0B91100DA503E /* Build configuration list for PBXNativeTarget "tabela-dinamica-refeicoes" */ = {
			isa = XCConfigurationList;
			buildConfigurations = (
				6FE620E024E0B91100DA503E /* Debug */,
				6FE620E124E0B91100DA503E /* Release */,
			);
			defaultConfigurationIsVisible = 0;
			defaultConfigurationName = Release;
		};
/* End XCConfigurationList section */
	};
	rootObject = 6FE620C324E0B90D00DA503E /* Project object */;
}
